{
    "name": "vscode-terminal-here",
    "version": "0.2.4",
    "lockfileVersion": 3,
    "requires": true,
    "packages": {
        "": {
            "name": "vscode-terminal-here",
            "version": "0.2.4",
            "devDependencies": {
                "@types/mocha": "^2.2.42",
                "@types/node": "^7.0.43",
                "@types/vscode": "1.37",
                "typescript": "3.5.2"
            },
            "engines": {
                "vscode": "^1.37.0"
            }
        },
        "node_modules/@types/mocha": {
            "version": "2.2.48",
            "resolved": "https://registry.npmjs.org/@types/mocha/-/mocha-2.2.48.tgz",
            "integrity": "sha512-nlK/iyETgafGli8Zh9zJVCTicvU3iajSkRwOh3Hhiva598CMqNJ4NcVCGMTGKpGpTYj/9R8RLzS9NAykSSCqGw==",
            "dev": true
        },
        "node_modules/@types/node": {
            "version": "7.10.6",
            "resolved": "https://registry.npmjs.org/@types/node/-/node-7.10.6.tgz",
            "integrity": "sha512-d0BOAicT0tEdbdVQlLGOVul1kvg6YvbaADRCThGCz5NJ0e9r00SofcR1x69hmlCyrHuB6jd4cKzL9bMLjPnpAA==",
            "dev": true
        },
        "node_modules/@types/vscode": {
            "version": "1.37.0",
            "resolved": "https://registry.npmjs.org/@types/vscode/-/vscode-1.37.0.tgz",
            "integrity": "sha512-PRfeuqYuzk3vjf+puzxltIUWC+AhEGYpFX29/37w30DQSQnpf5AgMVf7GDBAdmTbWTBou+EMFz/Ne6XCM/KxzQ==",
            "dev": true
        },
        "node_modules/typescript": {
            "version": "3.5.2",
            "resolved": "https://registry.npmjs.org/typescript/-/typescript-3.5.2.tgz",
            "integrity": "sha512-7KxJovlYhTX5RaRbUdkAXN1KUZ8PwWlTzQdHV6xNqvuFOs7+WBo10TQUqT19Q/Jz2hk5v9TQDIhyLhhJY4p5AA==",
            "dev": true,
            "bin": {
                "tsc": "bin/tsc",
                "tsserver": "bin/tsserver"
            },
            "engines": {
                "node": ">=4.2.0"
            }
        }
    }
}
